
Microsoft Visual Studio Solution File, Format Version 12.00
# Visual Studio Version 17
VisualStudioVersion = 17.3.32825.248
MinimumVisualStudioVersion = 10.0.40219.1
Project("{FAE04EC0-301F-11D3-BF4B-00C04F79EFBC}") = "MVVM_implementacion_ACL1.Android", "MVVM_implementacion_ACL1\MVVM_implementacion_ACL1.Android\MVVM_implementacion_ACL1.Android.csproj", "{ACAB1170-7C99-4226-BE2D-4844060447DA}"
EndProject
Project("{FAE04EC0-301F-11D3-BF4B-00C04F79EFBC}") = "MVVM_implementacion_ACL1.iOS", "MVVM_implementacion_ACL1\MVVM_implementacion_ACL1.iOS\MVVM_implementacion_ACL1.iOS.csproj", "{2CB594CF-6EAE-4AD3-9EF0-A6941B21BB2C}"
EndProject
Project("{9A19103F-16F7-4668-BE54-9A1E7A4F7556}") = "MVVM_implementacion_ACL1", "MVVM_implementacion_ACL1\MVVM_implementacion_ACL1\MVVM_implementacion_ACL1.csproj", "{3672A1E2-4A80-4CAD-AF38-830C95750A0C}"
EndProject
Global
	GlobalSection(SolutionConfigurationPlatforms) = preSolution
		Debug|Any CPU = Debug|Any CPU
		Debug|iPhone = Debug|iPhone
		Debug|iPhoneSimulator = Debug|iPhoneSimulator
		Release|Any CPU = Release|Any CPU
		Release|iPhone = Release|iPhone
		Release|iPhoneSimulator = Release|iPhoneSimulator
	EndGlobalSection
	GlobalSection(ProjectConfigurationPlatforms) = postSolution
		{ACAB1170-7C99-4226-BE2D-4844060447DA}.Debug|Any CPU.ActiveCfg = Debug|Any CPU
		{ACAB1170-7C99-4226-BE2D-4844060447DA}.Debug|Any CPU.Build.0 = Debug|Any CPU
		{ACAB1170-7C99-4226-BE2D-4844060447DA}.Debug|Any CPU.Deploy.0 = Debug|Any CPU
		{ACAB1170-7C99-4226-BE2D-4844060447DA}.Debug|iPhone.ActiveCfg = Debug|Any CPU
		{ACAB1170-7C99-4226-BE2D-4844060447DA}.Debug|iPhone.Build.0 = Debug|Any CPU
		{ACAB1170-7C99-4226-BE2D-4844060447DA}.Debug|iPhone.Deploy.0 = Debug|Any CPU
		{ACAB1170-7C99-4226-BE2D-4844060447DA}.Debug|iPhoneSimulator.ActiveCfg = Debug|Any CPU
		{ACAB1170-7C99-4226-BE2D-4844060447DA}.Debug|iPhoneSimulator.Build.0 = Debug|Any CPU
		{ACAB1170-7C99-4226-BE2D-4844060447DA}.Debug|iPhoneSimulator.Deploy.0 = Debug|Any CPU
		{ACAB1170-7C99-4226-BE2D-4844060447DA}.Release|Any CPU.ActiveCfg = Release|Any CPU
		{ACAB1170-7C99-4226-BE2D-4844060447DA}.Release|Any CPU.Build.0 = Release|Any CPU
		{ACAB1170-7C99-4226-BE2D-4844060447DA}.Release|Any CPU.Deploy.0 = Release|Any CPU
		{ACAB1170-7C99-4226-BE2D-4844060447DA}.Release|iPhone.ActiveCfg = Release|Any CPU
		{ACAB1170-7C99-4226-BE2D-4844060447DA}.Release|iPhone.Build.0 = Release|Any CPU
		{ACAB1170-7C99-4226-BE2D-4844060447DA}.Release|iPhone.Deploy.0 = Release|Any CPU
		{ACAB1170-7C99-4226-BE2D-4844060447DA}.Release|iPhoneSimulator.ActiveCfg = Release|Any CPU
		{ACAB1170-7C99-4226-BE2D-4844060447DA}.Release|iPhoneSimulator.Build.0 = Release|Any CPU
		{ACAB1170-7C99-4226-BE2D-4844060447DA}.Release|iPhoneSimulator.Deploy.0 = Release|Any CPU
		{2CB594CF-6EAE-4AD3-9EF0-A6941B21BB2C}.Debug|Any CPU.ActiveCfg = Debug|iPhone
		{2CB594CF-6EAE-4AD3-9EF0-A6941B21BB2C}.Debug|Any CPU.Build.0 = Debug|iPhone
		{2CB594CF-6EAE-4AD3-9EF0-A6941B21BB2C}.Debug|Any CPU.Deploy.0 = Debug|iPhone
		{2CB594CF-6EAE-4AD3-9EF0-A6941B21BB2C}.Debug|iPhone.ActiveCfg = Debug|iPhone
		{2CB594CF-6EAE-4AD3-9EF0-A6941B21BB2C}.Debug|iPhone.Build.0 = Debug|iPhone
		{2CB594CF-6EAE-4AD3-9EF0-A6941B21BB2C}.Debug|iPhone.Deploy.0 = Debug|iPhone
		{2CB594CF-6EAE-4AD3-9EF0-A6941B21BB2C}.Debug|iPhoneSimulator.ActiveCfg = Debug|iPhoneSimulator
		{2CB594CF-6EAE-4AD3-9EF0-A6941B21BB2C}.Debug|iPhoneSimulator.Build.0 = Debug|iPhoneSimulator
		{2CB594CF-6EAE-4AD3-9EF0-A6941B21BB2C}.Debug|iPhoneSimulator.Deploy.0 = Debug|iPhoneSimulator
		{2CB594CF-6EAE-4AD3-9EF0-A6941B21BB2C}.Release|Any CPU.ActiveCfg = Release|iPhoneSimulator
		{2CB594CF-6EAE-4AD3-9EF0-A6941B21BB2C}.Release|Any CPU.Build.0 = Release|iPhoneSimulator
		{2CB594CF-6EAE-4AD3-9EF0-A6941B21BB2C}.Release|Any CPU.Deploy.0 = Release|iPhoneSimulator
		{2CB594CF-6EAE-4AD3-9EF0-A6941B21BB2C}.Release|iPhone.ActiveCfg = Release|iPhone
		{2CB594CF-6EAE-4AD3-9EF0-A6941B21BB2C}.Release|iPhone.Build.0 = Release|iPhone
		{2CB594CF-6EAE-4AD3-9EF0-A6941B21BB2C}.Release|iPhone.Deploy.0 = Release|iPhone
		{2CB594CF-6EAE-4AD3-9EF0-A6941B21BB2C}.Release|iPhoneSimulator.ActiveCfg = Release|iPhoneSimulator
		{2CB594CF-6EAE-4AD3-9EF0-A6941B21BB2C}.Release|iPhoneSimulator.Build.0 = Release|iPhoneSimulator
		{2CB594CF-6EAE-4AD3-9EF0-A6941B21BB2C}.Release|iPhoneSimulator.Deploy.0 = Release|iPhoneSimulator
		{3672A1E2-4A80-4CAD-AF38-830C95750A0C}.Debug|Any CPU.ActiveCfg = Debug|Any CPU
		{3672A1E2-4A80-4CAD-AF38-830C95750A0C}.Debug|Any CPU.Build.0 = Debug|Any CPU
		{3672A1E2-4A80-4CAD-AF38-830C95750A0C}.Debug|Any CPU.Deploy.0 = Debug|Any CPU
		{3672A1E2-4A80-4CAD-AF38-830C95750A0C}.Debug|iPhone.ActiveCfg = Debug|Any CPU
		{3672A1E2-4A80-4CAD-AF38-830C95750A0C}.Debug|iPhone.Build.0 = Debug|Any CPU
		{3672A1E2-4A80-4CAD-AF38-830C95750A0C}.Debug|iPhone.Deploy.0 = Debug|Any CPU
		{3672A1E2-4A80-4CAD-AF38-830C95750A0C}.Debug|iPhoneSimulator.ActiveCfg = Debug|Any CPU
		{3672A1E2-4A80-4CAD-AF38-830C95750A0C}.Debug|iPhoneSimulator.Build.0 = Debug|Any CPU
		{3672A1E2-4A80-4CAD-AF38-830C95750A0C}.Debug|iPhoneSimulator.Deploy.0 = Debug|Any CPU
		{3672A1E2-4A80-4CAD-AF38-830C95750A0C}.Release|Any CPU.ActiveCfg = Release|Any CPU
		{3672A1E2-4A80-4CAD-AF38-830C95750A0C}.Release|Any CPU.Build.0 = Release|Any CPU
		{3672A1E2-4A80-4CAD-AF38-830C95750A0C}.Release|Any CPU.Deploy.0 = Release|Any CPU
		{3672A1E2-4A80-4CAD-AF38-830C95750A0C}.Release|iPhone.ActiveCfg = Release|Any CPU
		{3672A1E2-4A80-4CAD-AF38-830C95750A0C}.Release|iPhone.Build.0 = Release|Any CPU
		{3672A1E2-4A80-4CAD-AF38-830C95750A0C}.Release|iPhone.Deploy.0 = Release|Any CPU
		{3672A1E2-4A80-4CAD-AF38-830C95750A0C}.Release|iPhoneSimulator.ActiveCfg = Release|Any CPU
		{3672A1E2-4A80-4CAD-AF38-830C95750A0C}.Release|iPhoneSimulator.Build.0 = Release|Any CPU
		{3672A1E2-4A80-4CAD-AF38-830C95750A0C}.Release|iPhoneSimulator.Deploy.0 = Release|Any CPU
	EndGlobalSection
	GlobalSection(SolutionProperties) = preSolution
		HideSolutionNode = FALSE
	EndGlobalSection
	GlobalSection(ExtensibilityGlobals) = postSolution
		SolutionGuid = {9FA4DC86-19B0-4AC9-A1F5-B0658592A603}
	EndGlobalSection
EndGlobal
